// !$*UTF8*$!
{
	archiveVersion = 1;
	classes = {
	};
	objectVersion = 46;
	objects = {

/* Begin PBXBuildFile section */
		2898AD82DD39BB3B8809BCF4 /* Pods.framework in Frameworks */ = {isa = PBXBuildFile; fileRef = DDDC0CACD706CAEB8DCF9CBF /* Pods.framework */; };
		AD14CD4A1C747A0900B44F5A /* AppDelegate.swift in Sources */ = {isa = PBXBuildFile; fileRef = AD14CD491C747A0900B44F5A /* AppDelegate.swift */; };
		AD14CD4F1C747A0900B44F5A /* Main.storyboard in Resources */ = {isa = PBXBuildFile; fileRef = AD14CD4D1C747A0900B44F5A /* Main.storyboard */; };
		AD14CD511C747A0900B44F5A /* Assets.xcassets in Resources */ = {isa = PBXBuildFile; fileRef = AD14CD501C747A0900B44F5A /* Assets.xcassets */; };
		AD14CD541C747A0900B44F5A /* LaunchScreen.storyboard in Resources */ = {isa = PBXBuildFile; fileRef = AD14CD521C747A0900B44F5A /* LaunchScreen.storyboard */; };
		AD14CD5F1C747A0900B44F5A /* nestedworldTests.swift in Sources */ = {isa = PBXBuildFile; fileRef = AD14CD5E1C747A0900B44F5A /* nestedworldTests.swift */; };
		AD14CD6A1C747A0900B44F5A /* nestedworldUITests.swift in Sources */ = {isa = PBXBuildFile; fileRef = AD14CD691C747A0900B44F5A /* nestedworldUITests.swift */; };
		AD14CD7B1C747A5200B44F5A /* LoginViewController.swift in Sources */ = {isa = PBXBuildFile; fileRef = AD14CD7A1C747A5200B44F5A /* LoginViewController.swift */; };
		AD14CD7C1C747A5200B44F5A /* LoginViewController.swift in Sources */ = {isa = PBXBuildFile; fileRef = AD14CD7A1C747A5200B44F5A /* LoginViewController.swift */; };
		AD14CD801C747A8600B44F5A /* HttpRequestManagerProtocol.swift in Sources */ = {isa = PBXBuildFile; fileRef = AD14CD7F1C747A8600B44F5A /* HttpRequestManagerProtocol.swift */; };
		AD14CD831C747AB500B44F5A /* AlamofireHttpRequestManager.swift in Sources */ = {isa = PBXBuildFile; fileRef = AD14CD821C747AB500B44F5A /* AlamofireHttpRequestManager.swift */; };
		AD14CD861C747AE500B44F5A /* APIRequestManager.swift in Sources */ = {isa = PBXBuildFile; fileRef = AD14CD851C747AE500B44F5A /* APIRequestManager.swift */; };
		AD14CD891C747C0C00B44F5A /* RegisterViewController.swift in Sources */ = {isa = PBXBuildFile; fileRef = AD14CD881C747C0C00B44F5A /* RegisterViewController.swift */; };
		AD14CD8A1C747C0C00B44F5A /* RegisterViewController.swift in Sources */ = {isa = PBXBuildFile; fileRef = AD14CD881C747C0C00B44F5A /* RegisterViewController.swift */; };
		AD14CD8C1C747C4500B44F5A /* ResetPasswordViewController.swift in Sources */ = {isa = PBXBuildFile; fileRef = AD14CD8B1C747C4500B44F5A /* ResetPasswordViewController.swift */; };
		AD14CD8D1C747C4500B44F5A /* ResetPasswordViewController.swift in Sources */ = {isa = PBXBuildFile; fileRef = AD14CD8B1C747C4500B44F5A /* ResetPasswordViewController.swift */; };
		AD14CD931C747C9A00B44F5A /* User.swift in Sources */ = {isa = PBXBuildFile; fileRef = AD14CD921C747C9A00B44F5A /* User.swift */; };
		AD14CD941C747C9A00B44F5A /* User.swift in Sources */ = {isa = PBXBuildFile; fileRef = AD14CD921C747C9A00B44F5A /* User.swift */; };
		AD14CD961C747CA400B44F5A /* Monster.swift in Sources */ = {isa = PBXBuildFile; fileRef = AD14CD951C747CA400B44F5A /* Monster.swift */; };
		AD14CD971C747CA400B44F5A /* Monster.swift in Sources */ = {isa = PBXBuildFile; fileRef = AD14CD951C747CA400B44F5A /* Monster.swift */; };
		AD315C1A1C7EF2890083D6D7 /* MonsterTableViewCell.swift in Sources */ = {isa = PBXBuildFile; fileRef = AD315C191C7EF2890083D6D7 /* MonsterTableViewCell.swift */; };
		AD315C1C1C7EF9640083D6D7 /* MonsterTableViewController.swift in Sources */ = {isa = PBXBuildFile; fileRef = AD315C1B1C7EF9640083D6D7 /* MonsterTableViewController.swift */; };
		AD315C241C7F65C80083D6D7 /* MapViewController.swift in Sources */ = {isa = PBXBuildFile; fileRef = AD315C231C7F65C80083D6D7 /* MapViewController.swift */; };
		AD315C251C7F65C80083D6D7 /* MapViewController.swift in Sources */ = {isa = PBXBuildFile; fileRef = AD315C231C7F65C80083D6D7 /* MapViewController.swift */; };
		AD3EB2751CCE73A600E26A7B /* APIUserRequestManager.swift in Sources */ = {isa = PBXBuildFile; fileRef = AD3EB2741CCE73A600E26A7B /* APIUserRequestManager.swift */; };
		AD3EB27A1CCE80BD00E26A7B /* APIMonsterRequestManager.swift in Sources */ = {isa = PBXBuildFile; fileRef = AD3EB2791CCE80BD00E26A7B /* APIMonsterRequestManager.swift */; };
		AD3EB27D1CCE81CD00E26A7B /* APIUserAuthenticationRequestManager.swift in Sources */ = {isa = PBXBuildFile; fileRef = AD3EB27C1CCE81CD00E26A7B /* APIUserAuthenticationRequestManager.swift */; };
		AD3EB27F1CCEA9E300E26A7B /* Context.swift in Sources */ = {isa = PBXBuildFile; fileRef = AD3EB27E1CCEA9E300E26A7B /* Context.swift */; };
		AD7C52CE1CCF4E4D00CBC913 /* UserNotNilTests.swift in Sources */ = {isa = PBXBuildFile; fileRef = AD7C52CD1CCF4E4D00CBC913 /* UserNotNilTests.swift */; };
		AD7C52D31CCF564C00CBC913 /* StringExtension.swift in Sources */ = {isa = PBXBuildFile; fileRef = AD7C52D21CCF564C00CBC913 /* StringExtension.swift */; };
		AD7C52D51CCF570A00CBC913 /* NSDateExtension.swift in Sources */ = {isa = PBXBuildFile; fileRef = AD7C52D41CCF570A00CBC913 /* NSDateExtension.swift */; };
		AD7C52D61CCF5A2A00CBC913 /* StringExtension.swift in Sources */ = {isa = PBXBuildFile; fileRef = AD7C52D21CCF564C00CBC913 /* StringExtension.swift */; };
		AD7C52D71CCF5A2D00CBC913 /* NSDateExtension.swift in Sources */ = {isa = PBXBuildFile; fileRef = AD7C52D41CCF570A00CBC913 /* NSDateExtension.swift */; };
		AD7C52DB1CCF678600CBC913 /* UserTestsManager.swift in Sources */ = {isa = PBXBuildFile; fileRef = AD7C52DA1CCF678600CBC913 /* UserTestsManager.swift */; };
		AD7C52DE1CCF69EB00CBC913 /* UserTestsProtocol.swift in Sources */ = {isa = PBXBuildFile; fileRef = AD7C52DD1CCF69EB00CBC913 /* UserTestsProtocol.swift */; };
		AD7C52E01CCF6A8300CBC913 /* UserNilTests.swift in Sources */ = {isa = PBXBuildFile; fileRef = AD7C52DF1CCF6A8300CBC913 /* UserNilTests.swift */; };
		AD9E757F1C74C87400C2D482 /* HomePageViewController.swift in Sources */ = {isa = PBXBuildFile; fileRef = AD9E757E1C74C87400C2D482 /* HomePageViewController.swift */; };
		AD9E75801C74C87400C2D482 /* HomePageViewController.swift in Sources */ = {isa = PBXBuildFile; fileRef = AD9E757E1C74C87400C2D482 /* HomePageViewController.swift */; };
		ADD70B681CE73657002DC9BE /* Friend.swift in Sources */ = {isa = PBXBuildFile; fileRef = ADD70B671CE73657002DC9BE /* Friend.swift */; };
		ADD70B691CE73657002DC9BE /* Friend.swift in Sources */ = {isa = PBXBuildFile; fileRef = ADD70B671CE73657002DC9BE /* Friend.swift */; };
/* End PBXBuildFile section */

/* Begin PBXContainerItemProxy section */
		AD14CD5B1C747A0900B44F5A /* PBXContainerItemProxy */ = {
			isa = PBXContainerItemProxy;
			containerPortal = AD14CD3E1C747A0800B44F5A /* Project object */;
			proxyType = 1;
			remoteGlobalIDString = AD14CD451C747A0800B44F5A;
			remoteInfo = nestedworld;
		};
		AD14CD661C747A0900B44F5A /* PBXContainerItemProxy */ = {
			isa = PBXContainerItemProxy;
			containerPortal = AD14CD3E1C747A0800B44F5A /* Project object */;
			proxyType = 1;
			remoteGlobalIDString = AD14CD451C747A0800B44F5A;
			remoteInfo = nestedworld;
		};
/* End PBXContainerItemProxy section */

/* Begin PBXFileReference section */
		14FDF67A04BBD6F96FFF15BD /* Pods.debug.xcconfig */ = {isa = PBXFileReference; includeInIndex = 1; lastKnownFileType = text.xcconfig; name = Pods.debug.xcconfig; path = "Pods/Target Support Files/Pods/Pods.debug.xcconfig"; sourceTree = "<group>"; };
		499FF2755BA61966603D5588 /* Pods.release.xcconfig */ = {isa = PBXFileReference; includeInIndex = 1; lastKnownFileType = text.xcconfig; name = Pods.release.xcconfig; path = "Pods/Target Support Files/Pods/Pods.release.xcconfig"; sourceTree = "<group>"; };
		AD14CD461C747A0900B44F5A /* nestedworld.app */ = {isa = PBXFileReference; explicitFileType = wrapper.application; includeInIndex = 0; path = nestedworld.app; sourceTree = BUILT_PRODUCTS_DIR; };
		AD14CD491C747A0900B44F5A /* AppDelegate.swift */ = {isa = PBXFileReference; lastKnownFileType = sourcecode.swift; path = AppDelegate.swift; sourceTree = "<group>"; };
		AD14CD4E1C747A0900B44F5A /* Base */ = {isa = PBXFileReference; lastKnownFileType = file.storyboard; name = Base; path = Base.lproj/Main.storyboard; sourceTree = "<group>"; };
		AD14CD501C747A0900B44F5A /* Assets.xcassets */ = {isa = PBXFileReference; lastKnownFileType = folder.assetcatalog; path = Assets.xcassets; sourceTree = "<group>"; };
		AD14CD531C747A0900B44F5A /* Base */ = {isa = PBXFileReference; lastKnownFileType = file.storyboard; name = Base; path = Base.lproj/LaunchScreen.storyboard; sourceTree = "<group>"; };
		AD14CD551C747A0900B44F5A /* Info.plist */ = {isa = PBXFileReference; lastKnownFileType = text.plist.xml; path = Info.plist; sourceTree = "<group>"; };
		AD14CD5A1C747A0900B44F5A /* nestedworldTests.xctest */ = {isa = PBXFileReference; explicitFileType = wrapper.cfbundle; includeInIndex = 0; path = nestedworldTests.xctest; sourceTree = BUILT_PRODUCTS_DIR; };
		AD14CD5E1C747A0900B44F5A /* nestedworldTests.swift */ = {isa = PBXFileReference; lastKnownFileType = sourcecode.swift; path = nestedworldTests.swift; sourceTree = "<group>"; };
		AD14CD601C747A0900B44F5A /* Info.plist */ = {isa = PBXFileReference; lastKnownFileType = text.plist.xml; path = Info.plist; sourceTree = "<group>"; };
		AD14CD651C747A0900B44F5A /* nestedworldUITests.xctest */ = {isa = PBXFileReference; explicitFileType = wrapper.cfbundle; includeInIndex = 0; path = nestedworldUITests.xctest; sourceTree = BUILT_PRODUCTS_DIR; };
		AD14CD691C747A0900B44F5A /* nestedworldUITests.swift */ = {isa = PBXFileReference; lastKnownFileType = sourcecode.swift; path = nestedworldUITests.swift; sourceTree = "<group>"; };
		AD14CD6B1C747A0900B44F5A /* Info.plist */ = {isa = PBXFileReference; lastKnownFileType = text.plist.xml; path = Info.plist; sourceTree = "<group>"; };
		AD14CD7A1C747A5200B44F5A /* LoginViewController.swift */ = {isa = PBXFileReference; fileEncoding = 4; lastKnownFileType = sourcecode.swift; path = LoginViewController.swift; sourceTree = "<group>"; };
		AD14CD7F1C747A8600B44F5A /* HttpRequestManagerProtocol.swift */ = {isa = PBXFileReference; fileEncoding = 4; lastKnownFileType = sourcecode.swift; path = HttpRequestManagerProtocol.swift; sourceTree = "<group>"; };
		AD14CD821C747AB500B44F5A /* AlamofireHttpRequestManager.swift */ = {isa = PBXFileReference; fileEncoding = 4; lastKnownFileType = sourcecode.swift; path = AlamofireHttpRequestManager.swift; sourceTree = "<group>"; };
		AD14CD851C747AE500B44F5A /* APIRequestManager.swift */ = {isa = PBXFileReference; fileEncoding = 4; lastKnownFileType = sourcecode.swift; path = APIRequestManager.swift; sourceTree = "<group>"; };
		AD14CD881C747C0C00B44F5A /* RegisterViewController.swift */ = {isa = PBXFileReference; fileEncoding = 4; lastKnownFileType = sourcecode.swift; path = RegisterViewController.swift; sourceTree = "<group>"; };
		AD14CD8B1C747C4500B44F5A /* ResetPasswordViewController.swift */ = {isa = PBXFileReference; fileEncoding = 4; lastKnownFileType = sourcecode.swift; path = ResetPasswordViewController.swift; sourceTree = "<group>"; };
		AD14CD921C747C9A00B44F5A /* User.swift */ = {isa = PBXFileReference; fileEncoding = 4; lastKnownFileType = sourcecode.swift; path = User.swift; sourceTree = "<group>"; };
		AD14CD951C747CA400B44F5A /* Monster.swift */ = {isa = PBXFileReference; fileEncoding = 4; lastKnownFileType = sourcecode.swift; path = Monster.swift; sourceTree = "<group>"; };
		AD315C191C7EF2890083D6D7 /* MonsterTableViewCell.swift */ = {isa = PBXFileReference; fileEncoding = 4; lastKnownFileType = sourcecode.swift; path = MonsterTableViewCell.swift; sourceTree = "<group>"; };
		AD315C1B1C7EF9640083D6D7 /* MonsterTableViewController.swift */ = {isa = PBXFileReference; fileEncoding = 4; lastKnownFileType = sourcecode.swift; path = MonsterTableViewController.swift; sourceTree = "<group>"; };
		AD315C231C7F65C80083D6D7 /* MapViewController.swift */ = {isa = PBXFileReference; fileEncoding = 4; lastKnownFileType = sourcecode.swift; path = MapViewController.swift; sourceTree = "<group>"; };
		AD3EB2741CCE73A600E26A7B /* APIUserRequestManager.swift */ = {isa = PBXFileReference; fileEncoding = 4; lastKnownFileType = sourcecode.swift; path = APIUserRequestManager.swift; sourceTree = "<group>"; };
		AD3EB2791CCE80BD00E26A7B /* APIMonsterRequestManager.swift */ = {isa = PBXFileReference; fileEncoding = 4; lastKnownFileType = sourcecode.swift; path = APIMonsterRequestManager.swift; sourceTree = "<group>"; };
		AD3EB27C1CCE81CD00E26A7B /* APIUserAuthenticationRequestManager.swift */ = {isa = PBXFileReference; fileEncoding = 4; lastKnownFileType = sourcecode.swift; path = APIUserAuthenticationRequestManager.swift; sourceTree = "<group>"; };
		AD3EB27E1CCEA9E300E26A7B /* Context.swift */ = {isa = PBXFileReference; fileEncoding = 4; lastKnownFileType = sourcecode.swift; path = Context.swift; sourceTree = "<group>"; };
		AD7C52CD1CCF4E4D00CBC913 /* UserNotNilTests.swift */ = {isa = PBXFileReference; fileEncoding = 4; lastKnownFileType = sourcecode.swift; path = UserNotNilTests.swift; sourceTree = "<group>"; };
		AD7C52D21CCF564C00CBC913 /* StringExtension.swift */ = {isa = PBXFileReference; fileEncoding = 4; lastKnownFileType = sourcecode.swift; path = StringExtension.swift; sourceTree = "<group>"; };
		AD7C52D41CCF570A00CBC913 /* NSDateExtension.swift */ = {isa = PBXFileReference; fileEncoding = 4; lastKnownFileType = sourcecode.swift; path = NSDateExtension.swift; sourceTree = "<group>"; };
		AD7C52DA1CCF678600CBC913 /* UserTestsManager.swift */ = {isa = PBXFileReference; fileEncoding = 4; lastKnownFileType = sourcecode.swift; path = UserTestsManager.swift; sourceTree = "<group>"; };
		AD7C52DD1CCF69EB00CBC913 /* UserTestsProtocol.swift */ = {isa = PBXFileReference; fileEncoding = 4; lastKnownFileType = sourcecode.swift; path = UserTestsProtocol.swift; sourceTree = "<group>"; };
		AD7C52DF1CCF6A8300CBC913 /* UserNilTests.swift */ = {isa = PBXFileReference; fileEncoding = 4; lastKnownFileType = sourcecode.swift; path = UserNilTests.swift; sourceTree = "<group>"; };
		AD9E757E1C74C87400C2D482 /* HomePageViewController.swift */ = {isa = PBXFileReference; fileEncoding = 4; lastKnownFileType = sourcecode.swift; path = HomePageViewController.swift; sourceTree = "<group>"; };
		ADD70B671CE73657002DC9BE /* Friend.swift */ = {isa = PBXFileReference; fileEncoding = 4; lastKnownFileType = sourcecode.swift; path = Friend.swift; sourceTree = "<group>"; };
		DDDC0CACD706CAEB8DCF9CBF /* Pods.framework */ = {isa = PBXFileReference; explicitFileType = wrapper.framework; includeInIndex = 0; path = Pods.framework; sourceTree = BUILT_PRODUCTS_DIR; };
/* End PBXFileReference section */

/* Begin PBXFrameworksBuildPhase section */
		AD14CD431C747A0800B44F5A /* Frameworks */ = {
			isa = PBXFrameworksBuildPhase;
			buildActionMask = 2147483647;
			files = (
				2898AD82DD39BB3B8809BCF4 /* Pods.framework in Frameworks */,
			);
			runOnlyForDeploymentPostprocessing = 0;
		};
		AD14CD571C747A0900B44F5A /* Frameworks */ = {
			isa = PBXFrameworksBuildPhase;
			buildActionMask = 2147483647;
			files = (
			);
			runOnlyForDeploymentPostprocessing = 0;
		};
		AD14CD621C747A0900B44F5A /* Frameworks */ = {
			isa = PBXFrameworksBuildPhase;
			buildActionMask = 2147483647;
			files = (
			);
			runOnlyForDeploymentPostprocessing = 0;
		};
/* End PBXFrameworksBuildPhase section */

/* Begin PBXGroup section */
		366111C9622E7352111C01C1 /* Frameworks */ = {
			isa = PBXGroup;
			children = (
				DDDC0CACD706CAEB8DCF9CBF /* Pods.framework */,
			);
			name = Frameworks;
			sourceTree = "<group>";
		};
		AD14CD3D1C747A0800B44F5A = {
			isa = PBXGroup;
			children = (
				AD14CD481C747A0900B44F5A /* nestedworld */,
				AD14CD5D1C747A0900B44F5A /* nestedworldTests */,
				AD14CD681C747A0900B44F5A /* nestedworldUITests */,
				AD14CD471C747A0900B44F5A /* Products */,
				366111C9622E7352111C01C1 /* Frameworks */,
				FF412230BCAD7675507B336E /* Pods */,
			);
			sourceTree = "<group>";
		};
		AD14CD471C747A0900B44F5A /* Products */ = {
			isa = PBXGroup;
			children = (
				AD14CD461C747A0900B44F5A /* nestedworld.app */,
				AD14CD5A1C747A0900B44F5A /* nestedworldTests.xctest */,
				AD14CD651C747A0900B44F5A /* nestedworldUITests.xctest */,
			);
			name = Products;
			sourceTree = "<group>";
		};
		AD14CD481C747A0900B44F5A /* nestedworld */ = {
			isa = PBXGroup;
			children = (
				AD7C52D11CCF563500CBC913 /* Extensions */,
				AD14CD8F1C747C7A00B44F5A /* Models */,
				AD14CD781C747A1500B44F5A /* Views */,
				AD14CD771C747A1000B44F5A /* API */,
				AD14CD491C747A0900B44F5A /* AppDelegate.swift */,
				AD14CD4D1C747A0900B44F5A /* Main.storyboard */,
				AD14CD501C747A0900B44F5A /* Assets.xcassets */,
				AD14CD521C747A0900B44F5A /* LaunchScreen.storyboard */,
				AD14CD551C747A0900B44F5A /* Info.plist */,
			);
			path = nestedworld;
			sourceTree = "<group>";
		};
		AD14CD5D1C747A0900B44F5A /* nestedworldTests */ = {
			isa = PBXGroup;
			children = (
				AD7C52CC1CCF40F800CBC913 /* Models */,
				AD14CD5E1C747A0900B44F5A /* nestedworldTests.swift */,
				AD14CD601C747A0900B44F5A /* Info.plist */,
			);
			path = nestedworldTests;
			sourceTree = "<group>";
		};
		AD14CD681C747A0900B44F5A /* nestedworldUITests */ = {
			isa = PBXGroup;
			children = (
				AD14CD691C747A0900B44F5A /* nestedworldUITests.swift */,
				AD14CD6B1C747A0900B44F5A /* Info.plist */,
			);
			path = nestedworldUITests;
			sourceTree = "<group>";
		};
		AD14CD771C747A1000B44F5A /* API */ = {
			isa = PBXGroup;
			children = (
				AD3EB27E1CCEA9E300E26A7B /* Context.swift */,
				AD8D4A931C841A9600AE508B /* API requests */,
				AD14CD7D1C747A5700B44F5A /* Http requests */,
			);
			name = API;
			sourceTree = "<group>";
		};
		AD14CD781C747A1500B44F5A /* Views */ = {
			isa = PBXGroup;
			children = (
				AD14CD8E1C747C6F00B44F5A /* Game */,
				AD14CD791C747A1F00B44F5A /* Authentication */,
			);
			name = Views;
			sourceTree = "<group>";
		};
		AD14CD791C747A1F00B44F5A /* Authentication */ = {
			isa = PBXGroup;
			children = (
				AD14CD7A1C747A5200B44F5A /* LoginViewController.swift */,
				AD14CD881C747C0C00B44F5A /* RegisterViewController.swift */,
				AD14CD8B1C747C4500B44F5A /* ResetPasswordViewController.swift */,
			);
			name = Authentication;
			sourceTree = "<group>";
		};
		AD14CD7D1C747A5700B44F5A /* Http requests */ = {
			isa = PBXGroup;
			children = (
				AD14CD7E1C747A6100B44F5A /* Protocol */,
				AD14CD821C747AB500B44F5A /* AlamofireHttpRequestManager.swift */,
			);
			name = "Http requests";
			sourceTree = "<group>";
		};
		AD14CD7E1C747A6100B44F5A /* Protocol */ = {
			isa = PBXGroup;
			children = (
				AD14CD7F1C747A8600B44F5A /* HttpRequestManagerProtocol.swift */,
			);
			name = Protocol;
			sourceTree = "<group>";
		};
		AD14CD8E1C747C6F00B44F5A /* Game */ = {
			isa = PBXGroup;
			children = (
				AD315C201C7F5F5C0083D6D7 /* User */,
				AD315C1F1C7F5F530083D6D7 /* Map */,
				AD315C181C7EF2400083D6D7 /* Monster */,
				AD9E757E1C74C87400C2D482 /* HomePageViewController.swift */,
			);
			name = Game;
			sourceTree = "<group>";
		};
		AD14CD8F1C747C7A00B44F5A /* Models */ = {
			isa = PBXGroup;
			children = (
				AD14CD911C747C8700B44F5A /* Monster */,
				AD14CD901C747C8000B44F5A /* User */,
			);
			name = Models;
			sourceTree = "<group>";
		};
		AD14CD901C747C8000B44F5A /* User */ = {
			isa = PBXGroup;
			children = (
				AD14CD921C747C9A00B44F5A /* User.swift */,
				ADD70B671CE73657002DC9BE /* Friend.swift */,
			);
			name = User;
			sourceTree = "<group>";
		};
		AD14CD911C747C8700B44F5A /* Monster */ = {
			isa = PBXGroup;
			children = (
				AD14CD951C747CA400B44F5A /* Monster.swift */,
			);
			name = Monster;
			sourceTree = "<group>";
		};
		AD315C181C7EF2400083D6D7 /* Monster */ = {
			isa = PBXGroup;
			children = (
				AD315C1E1C7EF98E0083D6D7 /* Detail */,
				AD315C1D1C7EF97D0083D6D7 /* List */,
			);
			name = Monster;
			sourceTree = "<group>";
		};
		AD315C1D1C7EF97D0083D6D7 /* List */ = {
			isa = PBXGroup;
			children = (
				AD315C191C7EF2890083D6D7 /* MonsterTableViewCell.swift */,
				AD315C1B1C7EF9640083D6D7 /* MonsterTableViewController.swift */,
			);
			name = List;
			sourceTree = "<group>";
		};
		AD315C1E1C7EF98E0083D6D7 /* Detail */ = {
			isa = PBXGroup;
			children = (
			);
			name = Detail;
			sourceTree = "<group>";
		};
		AD315C1F1C7F5F530083D6D7 /* Map */ = {
			isa = PBXGroup;
			children = (
				AD315C231C7F65C80083D6D7 /* MapViewController.swift */,
			);
			name = Map;
			sourceTree = "<group>";
		};
		AD315C201C7F5F5C0083D6D7 /* User */ = {
			isa = PBXGroup;
			children = (
			);
			name = User;
			sourceTree = "<group>";
		};
		AD3EB2761CCE79BB00E26A7B /* Module */ = {
			isa = PBXGroup;
			children = (
				AD9507311CCE5EE300D40379 /* User */,
				AD9507321CCE5EEF00D40379 /* Monster */,
			);
			name = Module;
			sourceTree = "<group>";
		};
		AD3EB27B1CCE81B200E26A7B /* Authentication */ = {
			isa = PBXGroup;
			children = (
				AD3EB27C1CCE81CD00E26A7B /* APIUserAuthenticationRequestManager.swift */,
			);
			name = Authentication;
			sourceTree = "<group>";
		};
		AD7C52CC1CCF40F800CBC913 /* Models */ = {
			isa = PBXGroup;
			children = (
				AD7C52D01CCF4FE300CBC913 /* Monster */,
				AD7C52CF1CCF4FDD00CBC913 /* User */,
			);
			name = Models;
			sourceTree = "<group>";
		};
		AD7C52CF1CCF4FDD00CBC913 /* User */ = {
			isa = PBXGroup;
			children = (
				AD7C52DC1CCF68DB00CBC913 /* Tests */,
				AD7C52DA1CCF678600CBC913 /* UserTestsManager.swift */,
			);
			name = User;
			sourceTree = "<group>";
		};
		AD7C52D01CCF4FE300CBC913 /* Monster */ = {
			isa = PBXGroup;
			children = (
			);
			name = Monster;
			sourceTree = "<group>";
		};
		AD7C52D11CCF563500CBC913 /* Extensions */ = {
			isa = PBXGroup;
			children = (
				AD7C52D21CCF564C00CBC913 /* StringExtension.swift */,
				AD7C52D41CCF570A00CBC913 /* NSDateExtension.swift */,
			);
			name = Extensions;
			sourceTree = "<group>";
		};
		AD7C52DC1CCF68DB00CBC913 /* Tests */ = {
			isa = PBXGroup;
			children = (
				AD7C52E11CCF6ABF00CBC913 /* Protocol */,
				AD7C52CD1CCF4E4D00CBC913 /* UserNotNilTests.swift */,
				AD7C52DF1CCF6A8300CBC913 /* UserNilTests.swift */,
			);
			name = Tests;
			sourceTree = "<group>";
		};
		AD7C52E11CCF6ABF00CBC913 /* Protocol */ = {
			isa = PBXGroup;
			children = (
				AD7C52DD1CCF69EB00CBC913 /* UserTestsProtocol.swift */,
			);
			name = Protocol;
			sourceTree = "<group>";
		};
		AD8D4A931C841A9600AE508B /* API requests */ = {
			isa = PBXGroup;
			children = (
				AD3EB2761CCE79BB00E26A7B /* Module */,
				AD14CD851C747AE500B44F5A /* APIRequestManager.swift */,
			);
			name = "API requests";
			sourceTree = "<group>";
		};
		AD9507311CCE5EE300D40379 /* User */ = {
			isa = PBXGroup;
			children = (
				AD3EB27B1CCE81B200E26A7B /* Authentication */,
				AD3EB2741CCE73A600E26A7B /* APIUserRequestManager.swift */,
			);
			name = User;
			sourceTree = "<group>";
		};
		AD9507321CCE5EEF00D40379 /* Monster */ = {
			isa = PBXGroup;
			children = (
				AD3EB2791CCE80BD00E26A7B /* APIMonsterRequestManager.swift */,
			);
			name = Monster;
			sourceTree = "<group>";
		};
		FF412230BCAD7675507B336E /* Pods */ = {
			isa = PBXGroup;
			children = (
				14FDF67A04BBD6F96FFF15BD /* Pods.debug.xcconfig */,
				499FF2755BA61966603D5588 /* Pods.release.xcconfig */,
			);
			name = Pods;
			sourceTree = "<group>";
		};
/* End PBXGroup section */

/* Begin PBXNativeTarget section */
		AD14CD451C747A0800B44F5A /* nestedworld */ = {
			isa = PBXNativeTarget;
			buildConfigurationList = AD14CD6E1C747A0900B44F5A /* Build configuration list for PBXNativeTarget "nestedworld" */;
			buildPhases = (
				AD14CD421C747A0800B44F5A /* Sources */,
				AD14CD431C747A0800B44F5A /* Frameworks */,
				AD14CD441C747A0800B44F5A /* Resources */,
				6F8334919E9E635C81E41EC4 /* Embed Pods Frameworks */,
			);
			buildRules = (
			);
			dependencies = (
			);
			name = nestedworld;
			productName = nestedworld;
			productReference = AD14CD461C747A0900B44F5A /* nestedworld.app */;
			productType = "com.apple.product-type.application";
		};
		AD14CD591C747A0900B44F5A /* nestedworldTests */ = {
			isa = PBXNativeTarget;
			buildConfigurationList = AD14CD711C747A0900B44F5A /* Build configuration list for PBXNativeTarget "nestedworldTests" */;
			buildPhases = (
				AD14CD561C747A0900B44F5A /* Sources */,
				AD14CD571C747A0900B44F5A /* Frameworks */,
				AD14CD581C747A0900B44F5A /* Resources */,
			);
			buildRules = (
			);
			dependencies = (
				AD14CD5C1C747A0900B44F5A /* PBXTargetDependency */,
			);
			name = nestedworldTests;
			productName = nestedworldTests;
			productReference = AD14CD5A1C747A0900B44F5A /* nestedworldTests.xctest */;
			productType = "com.apple.product-type.bundle.unit-test";
		};
		AD14CD641C747A0900B44F5A /* nestedworldUITests */ = {
			isa = PBXNativeTarget;
			buildConfigurationList = AD14CD741C747A0900B44F5A /* Build configuration list for PBXNativeTarget "nestedworldUITests" */;
			buildPhases = (
				AD14CD611C747A0900B44F5A /* Sources */,
				AD14CD621C747A0900B44F5A /* Frameworks */,
				AD14CD631C747A0900B44F5A /* Resources */,
			);
			buildRules = (
			);
			dependencies = (
				AD14CD671C747A0900B44F5A /* PBXTargetDependency */,
			);
			name = nestedworldUITests;
			productName = nestedworldUITests;
			productReference = AD14CD651C747A0900B44F5A /* nestedworldUITests.xctest */;
			productType = "com.apple.product-type.bundle.ui-testing";
		};
/* End PBXNativeTarget section */

/* Begin PBXProject section */
		AD14CD3E1C747A0800B44F5A /* Project object */ = {
			isa = PBXProject;
			attributes = {
				LastSwiftUpdateCheck = 0720;
				LastUpgradeCheck = 0720;
				ORGANIZATIONNAME = NestedWorld;
				TargetAttributes = {
					AD14CD451C747A0800B44F5A = {
						CreatedOnToolsVersion = 7.2;
					};
					AD14CD591C747A0900B44F5A = {
						CreatedOnToolsVersion = 7.2;
						TestTargetID = AD14CD451C747A0800B44F5A;
					};
					AD14CD641C747A0900B44F5A = {
						CreatedOnToolsVersion = 7.2;
						TestTargetID = AD14CD451C747A0800B44F5A;
					};
				};
			};
			buildConfigurationList = AD14CD411C747A0800B44F5A /* Build configuration list for PBXProject "nestedworld" */;
			compatibilityVersion = "Xcode 3.2";
			developmentRegion = English;
			hasScannedForEncodings = 0;
			knownRegions = (
				en,
				Base,
			);
			mainGroup = AD14CD3D1C747A0800B44F5A;
			productRefGroup = AD14CD471C747A0900B44F5A /* Products */;
			projectDirPath = "";
			projectRoot = "";
			targets = (
				AD14CD451C747A0800B44F5A /* nestedworld */,
				AD14CD591C747A0900B44F5A /* nestedworldTests */,
				AD14CD641C747A0900B44F5A /* nestedworldUITests */,
			);
		};
/* End PBXProject section */

/* Begin PBXResourcesBuildPhase section */
		AD14CD441C747A0800B44F5A /* Resources */ = {
			isa = PBXResourcesBuildPhase;
			buildActionMask = 2147483647;
			files = (
				AD14CD541C747A0900B44F5A /* LaunchScreen.storyboard in Resources */,
				AD14CD511C747A0900B44F5A /* Assets.xcassets in Resources */,
				AD14CD4F1C747A0900B44F5A /* Main.storyboard in Resources */,
			);
			runOnlyForDeploymentPostprocessing = 0;
		};
		AD14CD581C747A0900B44F5A /* Resources */ = {
			isa = PBXResourcesBuildPhase;
			buildActionMask = 2147483647;
			files = (
			);
			runOnlyForDeploymentPostprocessing = 0;
		};
		AD14CD631C747A0900B44F5A /* Resources */ = {
			isa = PBXResourcesBuildPhase;
			buildActionMask = 2147483647;
			files = (
			);
			runOnlyForDeploymentPostprocessing = 0;
		};
/* End PBXResourcesBuildPhase section */

/* Begin PBXShellScriptBuildPhase section */
		6F8334919E9E635C81E41EC4 /* Embed Pods Frameworks */ = {
			isa = PBXShellScriptBuildPhase;
			buildActionMask = 2147483647;
			files = (
			);
			inputPaths = (
			);
			name = "Embed Pods Frameworks";
			outputPaths = (
			);
			runOnlyForDeploymentPostprocessing = 0;
			shellPath = /bin/sh;
			shellScript = "\"${SRCROOT}/Pods/Target Support Files/Pods/Pods-frameworks.sh\"\n";
			showEnvVarsInLog = 0;
		};
/* End PBXShellScriptBuildPhase section */

/* Begin PBXSourcesBuildPhase section */
		AD14CD421C747A0800B44F5A /* Sources */ = {
			isa = PBXSourcesBuildPhase;
			buildActionMask = 2147483647;
			files = (
				AD3EB27A1CCE80BD00E26A7B /* APIMonsterRequestManager.swift in Sources */,
				AD315C1A1C7EF2890083D6D7 /* MonsterTableViewCell.swift in Sources */,
				AD14CD961C747CA400B44F5A /* Monster.swift in Sources */,
				AD14CD861C747AE500B44F5A /* APIRequestManager.swift in Sources */,
				AD14CD7B1C747A5200B44F5A /* LoginViewController.swift in Sources */,
				AD14CD891C747C0C00B44F5A /* RegisterViewController.swift in Sources */,
				AD3EB2751CCE73A600E26A7B /* APIUserRequestManager.swift in Sources */,
				ADD70B681CE73657002DC9BE /* Friend.swift in Sources */,
				AD14CD8C1C747C4500B44F5A /* ResetPasswordViewController.swift in Sources */,
				AD14CD831C747AB500B44F5A /* AlamofireHttpRequestManager.swift in Sources */,
				AD14CD931C747C9A00B44F5A /* User.swift in Sources */,
				AD14CD801C747A8600B44F5A /* HttpRequestManagerProtocol.swift in Sources */,
				AD9E757F1C74C87400C2D482 /* HomePageViewController.swift in Sources */,
				AD3EB27D1CCE81CD00E26A7B /* APIUserAuthenticationRequestManager.swift in Sources */,
				AD14CD4A1C747A0900B44F5A /* AppDelegate.swift in Sources */,
				AD3EB27F1CCEA9E300E26A7B /* Context.swift in Sources */,
				AD7C52D51CCF570A00CBC913 /* NSDateExtension.swift in Sources */,
				AD7C52D31CCF564C00CBC913 /* StringExtension.swift in Sources */,
				AD315C1C1C7EF9640083D6D7 /* MonsterTableViewController.swift in Sources */,
				AD315C241C7F65C80083D6D7 /* MapViewController.swift in Sources */,
			);
			runOnlyForDeploymentPostprocessing = 0;
		};
		AD14CD561C747A0900B44F5A /* Sources */ = {
			isa = PBXSourcesBuildPhase;
			buildActionMask = 2147483647;
			files = (
				AD7C52E01CCF6A8300CBC913 /* UserNilTests.swift in Sources */,
				AD7C52D71CCF5A2D00CBC913 /* NSDateExtension.swift in Sources */,
				AD14CD5F1C747A0900B44F5A /* nestedworldTests.swift in Sources */,
				AD14CD941C747C9A00B44F5A /* User.swift in Sources */,
				AD7C52D61CCF5A2A00CBC913 /* StringExtension.swift in Sources */,
				AD7C52CE1CCF4E4D00CBC913 /* UserNotNilTests.swift in Sources */,
				AD7C52DB1CCF678600CBC913 /* UserTestsManager.swift in Sources */,
				AD7C52DE1CCF69EB00CBC913 /* UserTestsProtocol.swift in Sources */,
				AD14CD971C747CA400B44F5A /* Monster.swift in Sources */,
			);
			runOnlyForDeploymentPostprocessing = 0;
		};
		AD14CD611C747A0900B44F5A /* Sources */ = {
			isa = PBXSourcesBuildPhase;
			buildActionMask = 2147483647;
			files = (
				AD14CD8A1C747C0C00B44F5A /* RegisterViewController.swift in Sources */,
				ADD70B691CE73657002DC9BE /* Friend.swift in Sources */,
				AD315C251C7F65C80083D6D7 /* MapViewController.swift in Sources */,
				AD14CD7C1C747A5200B44F5A /* LoginViewController.swift in Sources */,
				AD14CD6A1C747A0900B44F5A /* nestedworldUITests.swift in Sources */,
				AD9E75801C74C87400C2D482 /* HomePageViewController.swift in Sources */,
				AD14CD8D1C747C4500B44F5A /* ResetPasswordViewController.swift in Sources */,
			);
			runOnlyForDeploymentPostprocessing = 0;
		};
/* End PBXSourcesBuildPhase section */

/* Begin PBXTargetDependency section */
		AD14CD5C1C747A0900B44F5A /* PBXTargetDependency */ = {
			isa = PBXTargetDependency;
			target = AD14CD451C747A0800B44F5A /* nestedworld */;
			targetProxy = AD14CD5B1C747A0900B44F5A /* PBXContainerItemProxy */;
		};
		AD14CD671C747A0900B44F5A /* PBXTargetDependency */ = {
			isa = PBXTargetDependency;
			target = AD14CD451C747A0800B44F5A /* nestedworld */;
			targetProxy = AD14CD661C747A0900B44F5A /* PBXContainerItemProxy */;
		};
/* End PBXTargetDependency section */

/* Begin PBXVariantGroup section */
		AD14CD4D1C747A0900B44F5A /* Main.storyboard */ = {
			isa = PBXVariantGroup;
			children = (
				AD14CD4E1C747A0900B44F5A /* Base */,
			);
			name = Main.storyboard;
			sourceTree = "<group>";
		};
		AD14CD521C747A0900B44F5A /* LaunchScreen.storyboard */ = {
			isa = PBXVariantGroup;
			children = (
				AD14CD531C747A0900B44F5A /* Base */,
			);
			name = LaunchScreen.storyboard;
			sourceTree = "<group>";
		};
/* End PBXVariantGroup section */

/* Begin XCBuildConfiguration section */
		AD14CD6C1C747A0900B44F5A /* Debug */ = {
			isa = XCBuildConfiguration;
			buildSettings = {
				ALWAYS_SEARCH_USER_PATHS = NO;
				CLANG_CXX_LANGUAGE_STANDARD = "gnu++0x";
				CLANG_CXX_LIBRARY = "libc++";
				CLANG_ENABLE_MODULES = YES;
				CLANG_ENABLE_OBJC_ARC = YES;
				CLANG_WARN_BOOL_CONVERSION = YES;
				CLANG_WARN_CONSTANT_CONVERSION = YES;
				CLANG_WARN_DIRECT_OBJC_ISA_USAGE = YES_ERROR;
				CLANG_WARN_EMPTY_BODY = YES;
				CLANG_WARN_ENUM_CONVERSION = YES;
				CLANG_WARN_INT_CONVERSION = YES;
				CLANG_WARN_OBJC_ROOT_CLASS = YES_ERROR;
				CLANG_WARN_UNREACHABLE_CODE = YES;
				CLANG_WARN__DUPLICATE_METHOD_MATCH = YES;
				"CODE_SIGN_IDENTITY[sdk=iphoneos*]" = "iPhone Developer";
				COPY_PHASE_STRIP = NO;
				DEBUG_INFORMATION_FORMAT = dwarf;
				ENABLE_STRICT_OBJC_MSGSEND = YES;
				ENABLE_TESTABILITY = YES;
				GCC_C_LANGUAGE_STANDARD = gnu99;
				GCC_DYNAMIC_NO_PIC = NO;
				GCC_NO_COMMON_BLOCKS = YES;
				GCC_OPTIMIZATION_LEVEL = 0;
				GCC_PREPROCESSOR_DEFINITIONS = (
					"DEBUG=1",
					"$(inherited)",
				);
				GCC_WARN_64_TO_32_BIT_CONVERSION = YES;
				GCC_WARN_ABOUT_RETURN_TYPE = YES_ERROR;
				GCC_WARN_UNDECLARED_SELECTOR = YES;
				GCC_WARN_UNINITIALIZED_AUTOS = YES_AGGRESSIVE;
				GCC_WARN_UNUSED_FUNCTION = YES;
				GCC_WARN_UNUSED_VARIABLE = YES;
				IPHONEOS_DEPLOYMENT_TARGET = 9.2;
				MTL_ENABLE_DEBUG_INFO = YES;
				ONLY_ACTIVE_ARCH = YES;
				SDKROOT = iphoneos;
				SWIFT_OPTIMIZATION_LEVEL = "-Onone";
			};
			name = Debug;
		};
		AD14CD6D1C747A0900B44F5A /* Release */ = {
			isa = XCBuildConfiguration;
			buildSettings = {
				ALWAYS_SEARCH_USER_PATHS = NO;
				CLANG_CXX_LANGUAGE_STANDARD = "gnu++0x";
				CLANG_CXX_LIBRARY = "libc++";
				CLANG_ENABLE_MODULES = YES;
				CLANG_ENABLE_OBJC_ARC = YES;
				CLANG_WARN_BOOL_CONVERSION = YES;
				CLANG_WARN_CONSTANT_CONVERSION = YES;
				CLANG_WARN_DIRECT_OBJC_ISA_USAGE = YES_ERROR;
				CLANG_WARN_EMPTY_BODY = YES;
				CLANG_WARN_ENUM_CONVERSION = YES;
				CLANG_WARN_INT_CONVERSION = YES;
				CLANG_WARN_OBJC_ROOT_CLASS = YES_ERROR;
				CLANG_WARN_UNREACHABLE_CODE = YES;
				CLANG_WARN__DUPLICATE_METHOD_MATCH = YES;
				"CODE_SIGN_IDENTITY[sdk=iphoneos*]" = "iPhone Developer";
				COPY_PHASE_STRIP = NO;
				DEBUG_INFORMATION_FORMAT = "dwarf-with-dsym";
				ENABLE_NS_ASSERTIONS = NO;
				ENABLE_STRICT_OBJC_MSGSEND = YES;
				GCC_C_LANGUAGE_STANDARD = gnu99;
				GCC_NO_COMMON_BLOCKS = YES;
				GCC_WARN_64_TO_32_BIT_CONVERSION = YES;
				GCC_WARN_ABOUT_RETURN_TYPE = YES_ERROR;
				GCC_WARN_UNDECLARED_SELECTOR = YES;
				GCC_WARN_UNINITIALIZED_AUTOS = YES_AGGRESSIVE;
				GCC_WARN_UNUSED_FUNCTION = YES;
				GCC_WARN_UNUSED_VARIABLE = YES;
				IPHONEOS_DEPLOYMENT_TARGET = 9.2;
				MTL_ENABLE_DEBUG_INFO = NO;
				SDKROOT = iphoneos;
				VALIDATE_PRODUCT = YES;
			};
			name = Release;
		};
		AD14CD6F1C747A0900B44F5A /* Debug */ = {
			isa = XCBuildConfiguration;
			baseConfigurationReference = 14FDF67A04BBD6F96FFF15BD /* Pods.debug.xcconfig */;
			buildSettings = {
				ASSETCATALOG_COMPILER_APPICON_NAME = AppIcon;
				INFOPLIST_FILE = nestedworld/Info.plist;
				LD_RUNPATH_SEARCH_PATHS = "$(inherited) @executable_path/Frameworks";
				PRODUCT_BUNDLE_IDENTIFIER = epitech.eip.nestedworld;
				PRODUCT_NAME = "$(TARGET_NAME)";
			};
			name = Debug;
		};
		AD14CD701C747A0900B44F5A /* Release */ = {
			isa = XCBuildConfiguration;
			baseConfigurationReference = 499FF2755BA61966603D5588 /* Pods.release.xcconfig */;
			buildSettings = {
				ASSETCATALOG_COMPILER_APPICON_NAME = AppIcon;
				INFOPLIST_FILE = nestedworld/Info.plist;
				LD_RUNPATH_SEARCH_PATHS = "$(inherited) @executable_path/Frameworks";
				PRODUCT_BUNDLE_IDENTIFIER = epitech.eip.nestedworld;
				PRODUCT_NAME = "$(TARGET_NAME)";
			};
			name = Release;
		};
		AD14CD721C747A0900B44F5A /* Debug */ = {
			isa = XCBuildConfiguration;
			buildSettings = {
				BUNDLE_LOADER = "$(TEST_HOST)";
				INFOPLIST_FILE = nestedworldTests/Info.plist;
				LD_RUNPATH_SEARCH_PATHS = "$(inherited) @executable_path/Frameworks @loader_path/Frameworks";
				PRODUCT_BUNDLE_IDENTIFIER = epitech.eip.nestedworldTests;
				PRODUCT_NAME = "$(TARGET_NAME)";
				TEST_HOST = "$(BUILT_PRODUCTS_DIR)/nestedworld.app/nestedworld";
			};
			name = Debug;
		};
		AD14CD731C747A0900B44F5A /* Release */ = {
			isa = XCBuildConfiguration;
			buildSettings = {
				BUNDLE_LOADER = "$(TEST_HOST)";
				INFOPLIST_FILE = nestedworldTests/Info.plist;
				LD_RUNPATH_SEARCH_PATHS = "$(inherited) @executable_path/Frameworks @loader_path/Frameworks";
				PRODUCT_BUNDLE_IDENTIFIER = epitech.eip.nestedworldTests;
				PRODUCT_NAME = "$(TARGET_NAME)";
				TEST_HOST = "$(BUILT_PRODUCTS_DIR)/nestedworld.app/nestedworld";
			};
			name = Release;
		};
		AD14CD751C747A0900B44F5A /* Debug */ = {
			isa = XCBuildConfiguration;
			buildSettings = {
				INFOPLIST_FILE = nestedworldUITests/Info.plist;
				LD_RUNPATH_SEARCH_PATHS = "$(inherited) @executable_path/Frameworks @loader_path/Frameworks";
				PRODUCT_BUNDLE_IDENTIFIER = epitech.eip.nestedworldUITests;
				PRODUCT_NAME = "$(TARGET_NAME)";
				TEST_TARGET_NAME = nestedworld;
				USES_XCTRUNNER = YES;
			};
			name = Debug;
		};
		AD14CD761C747A0900B44F5A /* Release */ = {
			isa = XCBuildConfiguration;
			buildSettings = {
				INFOPLIST_FILE = nestedworldUITests/Info.plist;
				LD_RUNPATH_SEARCH_PATHS = "$(inherited) @executable_path/Frameworks @loader_path/Frameworks";
				PRODUCT_BUNDLE_IDENTIFIER = epitech.eip.nestedworldUITests;
				PRODUCT_NAME = "$(TARGET_NAME)";
				TEST_TARGET_NAME = nestedworld;
				USES_XCTRUNNER = YES;
			};
			name = Release;
		};
/* End XCBuildConfiguration section */

/* Begin XCConfigurationList section */
		AD14CD411C747A0800B44F5A /* Build configuration list for PBXProject "nestedworld" */ = {
			isa = XCConfigurationList;
			buildConfigurations = (
				AD14CD6C1C747A0900B44F5A /* Debug */,
				AD14CD6D1C747A0900B44F5A /* Release */,
			);
			defaultConfigurationIsVisible = 0;
			defaultConfigurationName = Release;
		};
		AD14CD6E1C747A0900B44F5A /* Build configuration list for PBXNativeTarget "nestedworld" */ = {
			isa = XCConfigurationList;
			buildConfigurations = (
				AD14CD6F1C747A0900B44F5A /* Debug */,
				AD14CD701C747A0900B44F5A /* Release */,
			);
			defaultConfigurationIsVisible = 0;
			defaultConfigurationName = Release;
		};
		AD14CD711C747A0900B44F5A /* Build configuration list for PBXNativeTarget "nestedworldTests" */ = {
			isa = XCConfigurationList;
			buildConfigurations = (
				AD14CD721C747A0900B44F5A /* Debug */,
				AD14CD731C747A0900B44F5A /* Release */,
			);
			defaultConfigurationIsVisible = 0;
			defaultConfigurationName = Release;
		};
		AD14CD741C747A0900B44F5A /* Build configuration list for PBXNativeTarget "nestedworldUITests" */ = {
			isa = XCConfigurationList;
			buildConfigurations = (
				AD14CD751C747A0900B44F5A /* Debug */,
				AD14CD761C747A0900B44F5A /* Release */,
			);
			defaultConfigurationIsVisible = 0;
			defaultConfigurationName = Release;
		};
/* End XCConfigurationList section */
	};
	rootObject = AD14CD3E1C747A0800B44F5A /* Project object */;
}
